
Microsoft Visual Studio Solution File, Format Version 12.00
# Visual Studio Version 17
VisualStudioVersion = 17.0.31903.59
MinimumVisualStudioVersion = 10.0.40219.1
Project("{2150E333-8FDC-42A3-9474-1A3956D46DE8}") = "src", "src", "{E310B1B3-9AAF-450C-A857-CD2468E36A72}"
EndProject
Project("{FAE04EC0-301F-11D3-BF4B-00C04F79EFBC}") = "BitbucketPrReviewer.Api", "src\BitbucketPrReviewer.Api\BitbucketPrReviewer.Api.csproj", "{7EA66EE5-D894-4075-A762-55781410DD3B}"
EndProject
Project("{FAE04EC0-301F-11D3-BF4B-00C04F79EFBC}") = "PrReviewer.Client", "src\PrReviewer.Client\PrReviewer.Client.csproj", "{FC5B4A18-52AA-45EF-90C6-8C0BDB430E3C}"
EndProject
Global
	GlobalSection(SolutionConfigurationPlatforms) = preSolution
		Debug|Any CPU = Debug|Any CPU
		Release|Any CPU = Release|Any CPU
	EndGlobalSection
	GlobalSection(SolutionProperties) = preSolution
		HideSolutionNode = FALSE
	EndGlobalSection
	GlobalSection(ProjectConfigurationPlatforms) = postSolution
		{7EA66EE5-D894-4075-A762-55781410DD3B}.Debug|Any CPU.ActiveCfg = Debug|Any CPU
		{7EA66EE5-D894-4075-A762-55781410DD3B}.Debug|Any CPU.Build.0 = Debug|Any CPU
		{7EA66EE5-D894-4075-A762-55781410DD3B}.Release|Any CPU.ActiveCfg = Release|Any CPU
		{7EA66EE5-D894-4075-A762-55781410DD3B}.Release|Any CPU.Build.0 = Release|Any CPU
		{FC5B4A18-52AA-45EF-90C6-8C0BDB430E3C}.Debug|Any CPU.ActiveCfg = Debug|Any CPU
		{FC5B4A18-52AA-45EF-90C6-8C0BDB430E3C}.Debug|Any CPU.Build.0 = Debug|Any CPU
		{FC5B4A18-52AA-45EF-90C6-8C0BDB430E3C}.Release|Any CPU.ActiveCfg = Release|Any CPU
		{FC5B4A18-52AA-45EF-90C6-8C0BDB430E3C}.Release|Any CPU.Build.0 = Release|Any CPU
	EndGlobalSection
	GlobalSection(NestedProjects) = preSolution
		{7EA66EE5-D894-4075-A762-55781410DD3B} = {E310B1B3-9AAF-450C-A857-CD2468E36A72}
		{FC5B4A18-52AA-45EF-90C6-8C0BDB430E3C} = {E310B1B3-9AAF-450C-A857-CD2468E36A72}
	EndGlobalSection
EndGlobal
